// !$*UTF8*$!
{
	archiveVersion = 1;
	classes = {
	};
	objectVersion = 50;
	objects = {

/* Begin PBXBuildFile section */
		5F64D59A2480F0D40005CF47 /* CMetalView.mm in Sources */ = {isa = PBXBuildFile; fileRef = 5F64D5992480F0D40005CF47 /* CMetalView.mm */; };
		5FD7F1F0247D064F00A53A1D /* AppDelegate.m in Sources */ = {isa = PBXBuildFile; fileRef = 5FD7F1EF247D064F00A53A1D /* AppDelegate.m */; };
		5FD7F1F2247D065000A53A1D /* Assets.xcassets in Resources */ = {isa = PBXBuildFile; fileRef = 5FD7F1F1247D065000A53A1D /* Assets.xcassets */; };
		5FD7F1F5247D065000A53A1D /* MainMenu.xib in Resources */ = {isa = PBXBuildFile; fileRef = 5FD7F1F3247D065000A53A1D /* MainMenu.xib */; };
		5FD7F1F8247D065000A53A1D /* main.m in Sources */ = {isa = PBXBuildFile; fileRef = 5FD7F1F7247D065000A53A1D /* main.m */; };
		5FD7F211247D0FE000A53A1D /* libsve_s_mac.a in Frameworks */ = {isa = PBXBuildFile; fileRef = 5FD7F20E247D06B800A53A1D /* libsve_s_mac.a */; };
		5FD7F213247D0FF600A53A1D /* QuartzCore.framework in Frameworks */ = {isa = PBXBuildFile; fileRef = 5FD7F212247D0FF600A53A1D /* QuartzCore.framework */; };
		5FD7F215247D100100A53A1D /* CoreMedia.framework in Frameworks */ = {isa = PBXBuildFile; fileRef = 5FD7F214247D100100A53A1D /* CoreMedia.framework */; };
		5FD7F21C247D294F00A53A1D /* CGUI.mm in Sources */ = {isa = PBXBuildFile; fileRef = 5FD7F218247D294F00A53A1D /* CGUI.mm */; };
		5FD7F21D247D294F00A53A1D /* CGInst.mm in Sources */ = {isa = PBXBuildFile; fileRef = 5FD7F219247D294F00A53A1D /* CGInst.mm */; };
		5FD7F21E247D294F00A53A1D /* CGState.mm in Sources */ = {isa = PBXBuildFile; fileRef = 5FD7F21A247D294F00A53A1D /* CGState.mm */; };
/* End PBXBuildFile section */

/* Begin PBXContainerItemProxy section */
		5FD7F207247D06B800A53A1D /* PBXContainerItemProxy */ = {
			isa = PBXContainerItemProxy;
			containerPortal = 5FD7F1FF247D06B700A53A1D /* SVEngine.xcodeproj */;
			proxyType = 2;
			remoteGlobalIDString = 822A3F971E70069800CF3953;
			remoteInfo = SVEngine;
		};
		5FD7F209247D06B800A53A1D /* PBXContainerItemProxy */ = {
			isa = PBXContainerItemProxy;
			containerPortal = 5FD7F1FF247D06B700A53A1D /* SVEngine.xcodeproj */;
			proxyType = 2;
			remoteGlobalIDString = 82F7CB421FCD68A4009A750D;
			remoteInfo = SVEngine_Static;
		};
		5FD7F20B247D06B800A53A1D /* PBXContainerItemProxy */ = {
			isa = PBXContainerItemProxy;
			containerPortal = 5FD7F1FF247D06B700A53A1D /* SVEngine.xcodeproj */;
			proxyType = 2;
			remoteGlobalIDString = 82B7719220245AEB0097A0DD;
			remoteInfo = SVEngine_Mac;
		};
		5FD7F20D247D06B800A53A1D /* PBXContainerItemProxy */ = {
			isa = PBXContainerItemProxy;
			containerPortal = 5FD7F1FF247D06B700A53A1D /* SVEngine.xcodeproj */;
			proxyType = 2;
			remoteGlobalIDString = 023574B020E514F500F29FB8;
			remoteInfo = sve_s_mac;
		};
/* End PBXContainerItemProxy section */

/* Begin PBXFileReference section */
		5F64D5982480F0D40005CF47 /* CMetalView.h */ = {isa = PBXFileReference; lastKnownFileType = sourcecode.c.h; path = CMetalView.h; sourceTree = "<group>"; };
		5F64D5992480F0D40005CF47 /* CMetalView.mm */ = {isa = PBXFileReference; lastKnownFileType = sourcecode.cpp.objcpp; path = CMetalView.mm; sourceTree = "<group>"; };
		5FD7F1EB247D064F00A53A1D /* SVETools.app */ = {isa = PBXFileReference; explicitFileType = wrapper.application; includeInIndex = 0; path = SVETools.app; sourceTree = BUILT_PRODUCTS_DIR; };
		5FD7F1EE247D064F00A53A1D /* AppDelegate.h */ = {isa = PBXFileReference; lastKnownFileType = sourcecode.c.h; path = AppDelegate.h; sourceTree = "<group>"; };
		5FD7F1EF247D064F00A53A1D /* AppDelegate.m */ = {isa = PBXFileReference; lastKnownFileType = sourcecode.c.objc; path = AppDelegate.m; sourceTree = "<group>"; };
		5FD7F1F1247D065000A53A1D /* Assets.xcassets */ = {isa = PBXFileReference; lastKnownFileType = folder.assetcatalog; path = Assets.xcassets; sourceTree = "<group>"; };
		5FD7F1F4247D065000A53A1D /* Base */ = {isa = PBXFileReference; lastKnownFileType = file.xib; name = Base; path = Base.lproj/MainMenu.xib; sourceTree = "<group>"; };
		5FD7F1F6247D065000A53A1D /* Info.plist */ = {isa = PBXFileReference; lastKnownFileType = text.plist.xml; path = Info.plist; sourceTree = "<group>"; };
		5FD7F1F7247D065000A53A1D /* main.m */ = {isa = PBXFileReference; lastKnownFileType = sourcecode.c.objc; path = main.m; sourceTree = "<group>"; };
		5FD7F1F9247D065000A53A1D /* SVETools.entitlements */ = {isa = PBXFileReference; lastKnownFileType = text.plist.entitlements; path = SVETools.entitlements; sourceTree = "<group>"; };
		5FD7F1FF247D06B700A53A1D /* SVEngine.xcodeproj */ = {isa = PBXFileReference; lastKnownFileType = "wrapper.pb-project"; name = SVEngine.xcodeproj; path = ../SVEngine/platIOS/SVEngine.xcodeproj; sourceTree = "<group>"; };
		5FD7F212247D0FF600A53A1D /* QuartzCore.framework */ = {isa = PBXFileReference; lastKnownFileType = wrapper.framework; name = QuartzCore.framework; path = System/Library/Frameworks/QuartzCore.framework; sourceTree = SDKROOT; };
		5FD7F214247D100100A53A1D /* CoreMedia.framework */ = {isa = PBXFileReference; lastKnownFileType = wrapper.framework; name = CoreMedia.framework; path = System/Library/Frameworks/CoreMedia.framework; sourceTree = SDKROOT; };
		5FD7F216247D294F00A53A1D /* CGState.h */ = {isa = PBXFileReference; fileEncoding = 4; lastKnownFileType = sourcecode.c.h; path = CGState.h; sourceTree = "<group>"; };
		5FD7F217247D294F00A53A1D /* CGInst.h */ = {isa = PBXFileReference; fileEncoding = 4; lastKnownFileType = sourcecode.c.h; path = CGInst.h; sourceTree = "<group>"; };
		5FD7F218247D294F00A53A1D /* CGUI.mm */ = {isa = PBXFileReference; explicitFileType = sourcecode.cpp.objcpp; fileEncoding = 4; path = CGUI.mm; sourceTree = "<group>"; };
		5FD7F219247D294F00A53A1D /* CGInst.mm */ = {isa = PBXFileReference; explicitFileType = sourcecode.cpp.objcpp; fileEncoding = 4; path = CGInst.mm; sourceTree = "<group>"; };
		5FD7F21A247D294F00A53A1D /* CGState.mm */ = {isa = PBXFileReference; explicitFileType = sourcecode.cpp.objcpp; fileEncoding = 4; path = CGState.mm; sourceTree = "<group>"; };
		5FD7F21B247D294F00A53A1D /* CGUI.h */ = {isa = PBXFileReference; fileEncoding = 4; lastKnownFileType = sourcecode.c.h; path = CGUI.h; sourceTree = "<group>"; };
/* End PBXFileReference section */

/* Begin PBXFrameworksBuildPhase section */
		5FD7F1E8247D064F00A53A1D /* Frameworks */ = {
			isa = PBXFrameworksBuildPhase;
			buildActionMask = 2147483647;
			files = (
				5FD7F215247D100100A53A1D /* CoreMedia.framework in Frameworks */,
				5FD7F213247D0FF600A53A1D /* QuartzCore.framework in Frameworks */,
				5FD7F211247D0FE000A53A1D /* libsve_s_mac.a in Frameworks */,
			);
			runOnlyForDeploymentPostprocessing = 0;
		};
/* End PBXFrameworksBuildPhase section */

/* Begin PBXGroup section */
		5FD7F1E2247D064F00A53A1D = {
			isa = PBXGroup;
			children = (
				5FD7F210247D0FE000A53A1D /* Frameworks */,
				5FD7F1EC247D064F00A53A1D /* Products */,
				5FD7F1FF247D06B700A53A1D /* SVEngine.xcodeproj */,
				5FD7F1ED247D064F00A53A1D /* SVETools */,
			);
			sourceTree = "<group>";
		};
		5FD7F1EC247D064F00A53A1D /* Products */ = {
			isa = PBXGroup;
			children = (
				5FD7F1EB247D064F00A53A1D /* SVETools.app */,
			);
			name = Products;
			sourceTree = "<group>";
		};
		5FD7F1ED247D064F00A53A1D /* SVETools */ = {
			isa = PBXGroup;
			children = (
				5FD7F1EE247D064F00A53A1D /* AppDelegate.h */,
				5FD7F1EF247D064F00A53A1D /* AppDelegate.m */,
				5FD7F1F1247D065000A53A1D /* Assets.xcassets */,
				5FD7F217247D294F00A53A1D /* CGInst.h */,
				5FD7F219247D294F00A53A1D /* CGInst.mm */,
				5FD7F216247D294F00A53A1D /* CGState.h */,
				5FD7F21A247D294F00A53A1D /* CGState.mm */,
				5FD7F21B247D294F00A53A1D /* CGUI.h */,
				5FD7F218247D294F00A53A1D /* CGUI.mm */,
				5F64D5982480F0D40005CF47 /* CMetalView.h */,
				5F64D5992480F0D40005CF47 /* CMetalView.mm */,
				5FD7F1F6247D065000A53A1D /* Info.plist */,
				5FD7F1F7247D065000A53A1D /* main.m */,
				5FD7F1F3247D065000A53A1D /* MainMenu.xib */,
				5FD7F1F9247D065000A53A1D /* SVETools.entitlements */,
			);
			path = SVETools;
			sourceTree = "<group>";
		};
		5FD7F200247D06B700A53A1D /* Products */ = {
			isa = PBXGroup;
			children = (
				5FD7F208247D06B800A53A1D /* SVEngine.framework */,
				5FD7F20A247D06B800A53A1D /* libSVEngine_Static.a */,
				5FD7F20C247D06B800A53A1D /* SVEngine_Mac.framework */,
				5FD7F20E247D06B800A53A1D /* libsve_s_mac.a */,
			);
			name = Products;
			sourceTree = "<group>";
		};
		5FD7F210247D0FE000A53A1D /* Frameworks */ = {
			isa = PBXGroup;
			children = (
				5FD7F214247D100100A53A1D /* CoreMedia.framework */,
				5FD7F212247D0FF600A53A1D /* QuartzCore.framework */,
			);
			name = Frameworks;
			sourceTree = "<group>";
		};
/* End PBXGroup section */

/* Begin PBXNativeTarget section */
		5FD7F1EA247D064F00A53A1D /* SVETools */ = {
			isa = PBXNativeTarget;
			buildConfigurationList = 5FD7F1FC247D065000A53A1D /* Build configuration list for PBXNativeTarget "SVETools" */;
			buildPhases = (
				5FD7F1E7247D064F00A53A1D /* Sources */,
				5FD7F1E8247D064F00A53A1D /* Frameworks */,
				5FD7F1E9247D064F00A53A1D /* Resources */,
			);
			buildRules = (
			);
			dependencies = (
			);
			name = SVETools;
			productName = SVETools;
			productReference = 5FD7F1EB247D064F00A53A1D /* SVETools.app */;
			productType = "com.apple.product-type.application";
		};
/* End PBXNativeTarget section */

/* Begin PBXProject section */
		5FD7F1E3247D064F00A53A1D /* Project object */ = {
			isa = PBXProject;
			attributes = {
				LastUpgradeCheck = 1150;
				ORGANIZATIONNAME = "付一洲";
				TargetAttributes = {
					5FD7F1EA247D064F00A53A1D = {
						CreatedOnToolsVersion = 11.5;
					};
				};
			};
			buildConfigurationList = 5FD7F1E6247D064F00A53A1D /* Build configuration list for PBXProject "SVETools" */;
			compatibilityVersion = "Xcode 9.3";
			developmentRegion = en;
			hasScannedForEncodings = 0;
			knownRegions = (
				en,
				Base,
			);
			mainGroup = 5FD7F1E2247D064F00A53A1D;
			productRefGroup = 5FD7F1EC247D064F00A53A1D /* Products */;
			projectDirPath = "";
			projectReferences = (
				{
					ProductGroup = 5FD7F200247D06B700A53A1D /* Products */;
					ProjectRef = 5FD7F1FF247D06B700A53A1D /* SVEngine.xcodeproj */;
				},
			);
			projectRoot = "";
			targets = (
				5FD7F1EA247D064F00A53A1D /* SVETools */,
			);
		};
/* End PBXProject section */

/* Begin PBXReferenceProxy section */
		5FD7F208247D06B800A53A1D /* SVEngine.framework */ = {
			isa = PBXReferenceProxy;
			fileType = wrapper.framework;
			path = SVEngine.framework;
			remoteRef = 5FD7F207247D06B800A53A1D /* PBXContainerItemProxy */;
			sourceTree = BUILT_PRODUCTS_DIR;
		};
		5FD7F20A247D06B800A53A1D /* libSVEngine_Static.a */ = {
			isa = PBXReferenceProxy;
			fileType = archive.ar;
			path = libSVEngine_Static.a;
			remoteRef = 5FD7F209247D06B800A53A1D /* PBXContainerItemProxy */;
			sourceTree = BUILT_PRODUCTS_DIR;
		};
		5FD7F20C247D06B800A53A1D /* SVEngine_Mac.framework */ = {
			isa = PBXReferenceProxy;
			fileType = wrapper.framework;
			path = SVEngine_Mac.framework;
			remoteRef = 5FD7F20B247D06B800A53A1D /* PBXContainerItemProxy */;
			sourceTree = BUILT_PRODUCTS_DIR;
		};
		5FD7F20E247D06B800A53A1D /* libsve_s_mac.a */ = {
			isa = PBXReferenceProxy;
			fileType = archive.ar;
			path = libsve_s_mac.a;
			remoteRef = 5FD7F20D247D06B800A53A1D /* PBXContainerItemProxy */;
			sourceTree = BUILT_PRODUCTS_DIR;
		};
/* End PBXReferenceProxy section */

/* Begin PBXResourcesBuildPhase section */
		5FD7F1E9247D064F00A53A1D /* Resources */ = {
			isa = PBXResourcesBuildPhase;
			buildActionMask = 2147483647;
			files = (
				5FD7F1F2247D065000A53A1D /* Assets.xcassets in Resources */,
				5FD7F1F5247D065000A53A1D /* MainMenu.xib in Resources */,
			);
			runOnlyForDeploymentPostprocessing = 0;
		};
/* End PBXResourcesBuildPhase section */

/* Begin PBXSourcesBuildPhase section */
		5FD7F1E7247D064F00A53A1D /* Sources */ = {
			isa = PBXSourcesBuildPhase;
			buildActionMask = 2147483647;
			files = (
				5F64D59A2480F0D40005CF47 /* CMetalView.mm in Sources */,
				5FD7F21C247D294F00A53A1D /* CGUI.mm in Sources */,
				5FD7F21D247D294F00A53A1D /* CGInst.mm in Sources */,
				5FD7F1F8247D065000A53A1D /* main.m in Sources */,
				5FD7F1F0247D064F00A53A1D /* AppDelegate.m in Sources */,
				5FD7F21E247D294F00A53A1D /* CGState.mm in Sources */,
			);
			runOnlyForDeploymentPostprocessing = 0;
		};
/* End PBXSourcesBuildPhase section */

/* Begin PBXVariantGroup section */
		5FD7F1F3247D065000A53A1D /* MainMenu.xib */ = {
			isa = PBXVariantGroup;
			children = (
				5FD7F1F4247D065000A53A1D /* Base */,
			);
			name = MainMenu.xib;
			sourceTree = "<group>";
		};
/* End PBXVariantGroup section */

/* Begin XCBuildConfiguration section */
		5FD7F1FA247D065000A53A1D /* Debug */ = {
			isa = XCBuildConfiguration;
			buildSettings = {
				ALWAYS_SEARCH_USER_PATHS = NO;
				CLANG_ANALYZER_NONNULL = YES;
				CLANG_ANALYZER_NUMBER_OBJECT_CONVERSION = YES_AGGRESSIVE;
				CLANG_CXX_LANGUAGE_STANDARD = "gnu++14";
				CLANG_CXX_LIBRARY = "libc++";
				CLANG_ENABLE_MODULES = YES;
				CLANG_ENABLE_OBJC_ARC = YES;
				CLANG_ENABLE_OBJC_WEAK = YES;
				CLANG_WARN_BLOCK_CAPTURE_AUTORELEASING = YES;
				CLANG_WARN_BOOL_CONVERSION = YES;
				CLANG_WARN_COMMA = YES;
				CLANG_WARN_CONSTANT_CONVERSION = YES;
				CLANG_WARN_DEPRECATED_OBJC_IMPLEMENTATIONS = YES;
				CLANG_WARN_DIRECT_OBJC_ISA_USAGE = YES_ERROR;
				CLANG_WARN_DOCUMENTATION_COMMENTS = YES;
				CLANG_WARN_EMPTY_BODY = YES;
				CLANG_WARN_ENUM_CONVERSION = YES;
				CLANG_WARN_INFINITE_RECURSION = YES;
				CLANG_WARN_INT_CONVERSION = YES;
				CLANG_WARN_NON_LITERAL_NULL_CONVERSION = YES;
				CLANG_WARN_OBJC_IMPLICIT_RETAIN_SELF = YES;
				CLANG_WARN_OBJC_LITERAL_CONVERSION = YES;
				CLANG_WARN_OBJC_ROOT_CLASS = YES_ERROR;
				CLANG_WARN_RANGE_LOOP_ANALYSIS = YES;
				CLANG_WARN_STRICT_PROTOTYPES = YES;
				CLANG_WARN_SUSPICIOUS_MOVE = YES;
				CLANG_WARN_UNGUARDED_AVAILABILITY = YES_AGGRESSIVE;
				CLANG_WARN_UNREACHABLE_CODE = YES;
				CLANG_WARN__DUPLICATE_METHOD_MATCH = YES;
				COPY_PHASE_STRIP = NO;
				DEBUG_INFORMATION_FORMAT = dwarf;
				ENABLE_STRICT_OBJC_MSGSEND = YES;
				ENABLE_TESTABILITY = YES;
				GCC_C_LANGUAGE_STANDARD = gnu11;
				GCC_DYNAMIC_NO_PIC = NO;
				GCC_NO_COMMON_BLOCKS = YES;
				GCC_OPTIMIZATION_LEVEL = 0;
				GCC_PREPROCESSOR_DEFINITIONS = (
					"DEBUG=1",
					"$(inherited)",
				);
				GCC_WARN_64_TO_32_BIT_CONVERSION = YES;
				GCC_WARN_ABOUT_RETURN_TYPE = YES_ERROR;
				GCC_WARN_UNDECLARED_SELECTOR = YES;
				GCC_WARN_UNINITIALIZED_AUTOS = YES_AGGRESSIVE;
				GCC_WARN_UNUSED_FUNCTION = YES;
				GCC_WARN_UNUSED_VARIABLE = YES;
				HEADER_SEARCH_PATHS = "\"$(SRCROOT)/../SVEngine\"";
				MACOSX_DEPLOYMENT_TARGET = 10.15;
				MTL_ENABLE_DEBUG_INFO = INCLUDE_SOURCE;
				MTL_FAST_MATH = YES;
				ONLY_ACTIVE_ARCH = YES;
				SDKROOT = macosx;
			};
			name = Debug;
		};
		5FD7F1FB247D065000A53A1D /* Release */ = {
			isa = XCBuildConfiguration;
			buildSettings = {
				ALWAYS_SEARCH_USER_PATHS = NO;
				CLANG_ANALYZER_NONNULL = YES;
				CLANG_ANALYZER_NUMBER_OBJECT_CONVERSION = YES_AGGRESSIVE;
				CLANG_CXX_LANGUAGE_STANDARD = "gnu++14";
				CLANG_CXX_LIBRARY = "libc++";
				CLANG_ENABLE_MODULES = YES;
				CLANG_ENABLE_OBJC_ARC = YES;
				CLANG_ENABLE_OBJC_WEAK = YES;
				CLANG_WARN_BLOCK_CAPTURE_AUTORELEASING = YES;
				CLANG_WARN_BOOL_CONVERSION = YES;
				CLANG_WARN_COMMA = YES;
				CLANG_WARN_CONSTANT_CONVERSION = YES;
				CLANG_WARN_DEPRECATED_OBJC_IMPLEMENTATIONS = YES;
				CLANG_WARN_DIRECT_OBJC_ISA_USAGE = YES_ERROR;
				CLANG_WARN_DOCUMENTATION_COMMENTS = YES;
				CLANG_WARN_EMPTY_BODY = YES;
				CLANG_WARN_ENUM_CONVERSION = YES;
				CLANG_WARN_INFINITE_RECURSION = YES;
				CLANG_WARN_INT_CONVERSION = YES;
				CLANG_WARN_NON_LITERAL_NULL_CONVERSION = YES;
				CLANG_WARN_OBJC_IMPLICIT_RETAIN_SELF = YES;
				CLANG_WARN_OBJC_LITERAL_CONVERSION = YES;
				CLANG_WARN_OBJC_ROOT_CLASS = YES_ERROR;
				CLANG_WARN_RANGE_LOOP_ANALYSIS = YES;
				CLANG_WARN_STRICT_PROTOTYPES = YES;
				CLANG_WARN_SUSPICIOUS_MOVE = YES;
				CLANG_WARN_UNGUARDED_AVAILABILITY = YES_AGGRESSIVE;
				CLANG_WARN_UNREACHABLE_CODE = YES;
				CLANG_WARN__DUPLICATE_METHOD_MATCH = YES;
				COPY_PHASE_STRIP = NO;
				DEBUG_INFORMATION_FORMAT = "dwarf-with-dsym";
				ENABLE_NS_ASSERTIONS = NO;
				ENABLE_STRICT_OBJC_MSGSEND = YES;
				GCC_C_LANGUAGE_STANDARD = gnu11;
				GCC_NO_COMMON_BLOCKS = YES;
				GCC_WARN_64_TO_32_BIT_CONVERSION = YES;
				GCC_WARN_ABOUT_RETURN_TYPE = YES_ERROR;
				GCC_WARN_UNDECLARED_SELECTOR = YES;
				GCC_WARN_UNINITIALIZED_AUTOS = YES_AGGRESSIVE;
				GCC_WARN_UNUSED_FUNCTION = YES;
				GCC_WARN_UNUSED_VARIABLE = YES;
				HEADER_SEARCH_PATHS = "\"$(SRCROOT)/../SVEngine\"";
				MACOSX_DEPLOYMENT_TARGET = 10.15;
				MTL_ENABLE_DEBUG_INFO = NO;
				MTL_FAST_MATH = YES;
				SDKROOT = macosx;
			};
			name = Release;
		};
		5FD7F1FD247D065000A53A1D /* Debug */ = {
			isa = XCBuildConfiguration;
			buildSettings = {
				ASSETCATALOG_COMPILER_APPICON_NAME = AppIcon;
				CODE_SIGN_ENTITLEMENTS = SVETools/SVETools.entitlements;
				CODE_SIGN_STYLE = Automatic;
				COMBINE_HIDPI_IMAGES = YES;
				INFOPLIST_FILE = SVETools/Info.plist;
				LD_RUNPATH_SEARCH_PATHS = (
					"$(inherited)",
					"@executable_path/../Frameworks",
				);
				PRODUCT_BUNDLE_IDENTIFIER = "-com.xrkj.SVETools";
				PRODUCT_NAME = "$(TARGET_NAME)";
			};
			name = Debug;
		};
		5FD7F1FE247D065000A53A1D /* Release */ = {
			isa = XCBuildConfiguration;
			buildSettings = {
				ASSETCATALOG_COMPILER_APPICON_NAME = AppIcon;
				CODE_SIGN_ENTITLEMENTS = SVETools/SVETools.entitlements;
				CODE_SIGN_STYLE = Automatic;
				COMBINE_HIDPI_IMAGES = YES;
				INFOPLIST_FILE = SVETools/Info.plist;
				LD_RUNPATH_SEARCH_PATHS = (
					"$(inherited)",
					"@executable_path/../Frameworks",
				);
				PRODUCT_BUNDLE_IDENTIFIER = "-com.xrkj.SVETools";
				PRODUCT_NAME = "$(TARGET_NAME)";
			};
			name = Release;
		};
/* End XCBuildConfiguration section */

/* Begin XCConfigurationList section */
		5FD7F1E6247D064F00A53A1D /* Build configuration list for PBXProject "SVETools" */ = {
			isa = XCConfigurationList;
			buildConfigurations = (
				5FD7F1FA247D065000A53A1D /* Debug */,
				5FD7F1FB247D065000A53A1D /* Release */,
			);
			defaultConfigurationIsVisible = 0;
			defaultConfigurationName = Release;
		};
		5FD7F1FC247D065000A53A1D /* Build configuration list for PBXNativeTarget "SVETools" */ = {
			isa = XCConfigurationList;
			buildConfigurations = (
				5FD7F1FD247D065000A53A1D /* Debug */,
				5FD7F1FE247D065000A53A1D /* Release */,
			);
			defaultConfigurationIsVisible = 0;
			defaultConfigurationName = Release;
		};
/* End XCConfigurationList section */
	};
	rootObject = 5FD7F1E3247D064F00A53A1D /* Project object */;
}
